# THIS IS AN AUTOGENERATED FILE. DO NOT EDIT THIS FILE DIRECTLY.
# yarn lockfile v1


"@em-polymer/google-apis@^3.0.0-pre.1", "@em-polymer/google-apis@^3.0.1":
  version "3.0.1"
  resolved "https://registry.yarnpkg.com/@em-polymer/google-apis/-/google-apis-3.0.1.tgz#4d1639dcc8cfa399f35c2a085cd923a0eb309c41"
  dependencies:
    "@polymer/iron-jsonp-library" "^3.0.0-pre.1"
    "@polymer/polymer" "^3.0.0-pre.1"

"@em-polymer/google-map@^3.0.0-pre.4":
  version "3.0.0-pre.4"
  resolved "https://registry.yarnpkg.com/@em-polymer/google-map/-/google-map-3.0.0-pre.4.tgz#dc3d3064d0ad41fcb5ab3dcab4f9a9af31c59fce"
  dependencies:
    "@em-polymer/google-apis" "^3.0.0-pre.1"
    "@polymer/iron-resizable-behavior" "^3.0.0-pre.1"
    "@polymer/iron-selector" "^3.0.0-pre.1"
    "@polymer/polymer" "^3.0.0-pre.1"

"@polymer/iron-jsonp-library@^3.0.0-pre.1":
  version "3.0.0-pre.8"
  resolved "https://registry.yarnpkg.com/@polymer/iron-jsonp-library/-/iron-jsonp-library-3.0.0-pre.8.tgz#05f5ce9529d0b3ef67778a896e53054fb7839e7f"
  dependencies:
    "@polymer/polymer" "^3.0.0-pre.7"

"@polymer/iron-resizable-behavior@^3.0.0-pre.1":
  version "3.0.0-pre.8"
  resolved "https://registry.yarnpkg.com/@polymer/iron-resizable-behavior/-/iron-resizable-behavior-3.0.0-pre.8.tgz#2aa4489b1b45367fde383aa262374a5bb77c68a5"
  dependencies:
    "@polymer/polymer" "^3.0.0-pre.7"

"@polymer/iron-selector@^3.0.0-pre.1":
  version "3.0.0-pre.8"
  resolved "https://registry.yarnpkg.com/@polymer/iron-selector/-/iron-selector-3.0.0-pre.8.tgz#5eca616365ecd8b2a7e26bfcd8e5c02ba82b7705"
  dependencies:
    "@polymer/polymer" "^3.0.0-pre.7"

"@polymer/polymer@^3.0.0-pre.1", "@polymer/polymer@^3.0.0-pre.7":
  version "3.0.0-pre.9"
  resolved "https://registry.yarnpkg.com/@polymer/polymer/-/polymer-3.0.0-pre.9.tgz#f25a9f6674a9fee0e486259b34ec60a6dcaffb28"
  dependencies:
    "@webcomponents/shadycss" "^1.0.0"
    "@webcomponents/webcomponentsjs" "^1.0.0"

"@webcomponents/shadycss@^1.0.0":
  version "1.1.1"
  resolved "https://registry.yarnpkg.com/@webcomponents/shadycss/-/shadycss-1.1.1.tgz#abc821961c99a2b1c5e0f225cd01b139899ebc4c"

"@webcomponents/webcomponentsjs@1.0.20", "@webcomponents/webcomponentsjs@^1.0.0", "@webcomponents/webcomponentsjs@^1.0.20":
  version "1.0.20"
  resolved "https://registry.yarnpkg.com/@webcomponents/webcomponentsjs/-/webcomponentsjs-1.0.20.tgz#bac97c9709a3130241da4c2c85710e1dc8775b1c"

satellite.js@^2.0.0:
  version "2.0.0"
  resolved "https://registry.yarnpkg.com/satellite.js/-/satellite.js-2.0.0.tgz#0cafd7190a76a156c55f7d83b6ad3986ed9bff2b"

tle.js@^1.0.21:
  version "1.0.21"
  resolved "https://registry.yarnpkg.com/tle.js/-/tle.js-1.0.21.tgz#e8ab566a57450b3cc184d7d0c9b35f0b931986ce"
